// !$*UTF8*$!
{
	archiveVersion = 1;
	classes = {
	};
	objectVersion = 46;
	objects = {

/* Begin PBXBuildFile section */
		FA24A2761E7AF4A3007D25C7 /* Arrays.cpp in Sources */ = {isa = PBXBuildFile; fileRef = FA24A2741E7AF4A3007D25C7 /* Arrays.cpp */; };
		FAFCA4CB1CCAABDE0031C2D7 /* main.cpp in Sources */ = {isa = PBXBuildFile; fileRef = FAFCA4CA1CCAABDE0031C2D7 /* main.cpp */; };
/* End PBXBuildFile section */

/* Begin PBXCopyFilesBuildPhase section */
		FAFCA4C51CCAABDE0031C2D7 /* CopyFiles */ = {
			isa = PBXCopyFilesBuildPhase;
			buildActionMask = 2147483647;
			dstPath = /usr/share/man/man1/;
			dstSubfolderSpec = 0;
			files = (
			);
			runOnlyForDeploymentPostprocessing = 1;
		};
/* End PBXCopyFilesBuildPhase section */

/* Begin PBXFileReference section */
		FA24A2741E7AF4A3007D25C7 /* Arrays.cpp */ = {isa = PBXFileReference; fileEncoding = 4; lastKnownFileType = sourcecode.cpp.cpp; path = Arrays.cpp; sourceTree = "<group>"; };
		FA24A2751E7AF4A3007D25C7 /* Arrays.hpp */ = {isa = PBXFileReference; fileEncoding = 4; lastKnownFileType = sourcecode.cpp.h; path = Arrays.hpp; sourceTree = "<group>"; };
		FAFCA4C71CCAABDE0031C2D7 /* LC */ = {isa = PBXFileReference; explicitFileType = "compiled.mach-o.executable"; includeInIndex = 0; path = LC; sourceTree = BUILT_PRODUCTS_DIR; };
		FAFCA4CA1CCAABDE0031C2D7 /* main.cpp */ = {isa = PBXFileReference; lastKnownFileType = sourcecode.cpp.cpp; path = main.cpp; sourceTree = "<group>"; };
/* End PBXFileReference section */

/* Begin PBXFrameworksBuildPhase section */
		FAFCA4C41CCAABDE0031C2D7 /* Frameworks */ = {
			isa = PBXFrameworksBuildPhase;
			buildActionMask = 2147483647;
			files = (
			);
			runOnlyForDeploymentPostprocessing = 0;
		};
/* End PBXFrameworksBuildPhase section */

/* Begin PBXGroup section */
		FAFCA4BE1CCAABDE0031C2D7 = {
			isa = PBXGroup;
			children = (
				FAFCA4C91CCAABDE0031C2D7 /* LC */,
				FAFCA4C81CCAABDE0031C2D7 /* Products */,
			);
			sourceTree = "<group>";
		};
		FAFCA4C81CCAABDE0031C2D7 /* Products */ = {
			isa = PBXGroup;
			children = (
				FAFCA4C71CCAABDE0031C2D7 /* LC */,
			);
			name = Products;
			sourceTree = "<group>";
		};
		FAFCA4C91CCAABDE0031C2D7 /* LC */ = {
			isa = PBXGroup;
			children = (
				FAFCA4CA1CCAABDE0031C2D7 /* main.cpp */,
				FA24A2741E7AF4A3007D25C7 /* Arrays.cpp */,
				FA24A2751E7AF4A3007D25C7 /* Arrays.hpp */,
			);
			path = LC;
			sourceTree = "<group>";
		};
/* End PBXGroup section */

/* Begin PBXNativeTarget section */
		FAFCA4C61CCAABDE0031C2D7 /* LC */ = {
			isa = PBXNativeTarget;
			buildConfigurationList = FAFCA4CE1CCAABDE0031C2D7 /* Build configuration list for PBXNativeTarget "LC" */;
			buildPhases = (
				FAFCA4C31CCAABDE0031C2D7 /* Sources */,
				FAFCA4C41CCAABDE0031C2D7 /* Frameworks */,
				FAFCA4C51CCAABDE0031C2D7 /* CopyFiles */,
			);
			buildRules = (
			);
			dependencies = (
			);
			name = LC;
			productName = LC;
			productReference = FAFCA4C71CCAABDE0031C2D7 /* LC */;
			productType = "com.apple.product-type.tool";
		};
/* End PBXNativeTarget section */

/* Begin PBXProject section */
		FAFCA4BF1CCAABDE0031C2D7 /* Project object */ = {
			isa = PBXProject;
			attributes = {
				LastUpgradeCheck = 0720;
				ORGANIZATIONNAME = "Akshay Bhandary";
				TargetAttributes = {
					FAFCA4C61CCAABDE0031C2D7 = {
						CreatedOnToolsVersion = 7.2;
					};
				};
			};
			buildConfigurationList = FAFCA4C21CCAABDE0031C2D7 /* Build configuration list for PBXProject "LC" */;
			compatibilityVersion = "Xcode 3.2";
			developmentRegion = English;
			hasScannedForEncodings = 0;
			knownRegions = (
				en,
			);
			mainGroup = FAFCA4BE1CCAABDE0031C2D7;
			productRefGroup = FAFCA4C81CCAABDE0031C2D7 /* Products */;
			projectDirPath = "";
			projectRoot = "";
			targets = (
				FAFCA4C61CCAABDE0031C2D7 /* LC */,
			);
		};
/* End PBXProject section */

/* Begin PBXSourcesBuildPhase section */
		FAFCA4C31CCAABDE0031C2D7 /* Sources */ = {
			isa = PBXSourcesBuildPhase;
			buildActionMask = 2147483647;
			files = (
				FAFCA4CB1CCAABDE0031C2D7 /* main.cpp in Sources */,
				FA24A2761E7AF4A3007D25C7 /* Arrays.cpp in Sources */,
			);
			runOnlyForDeploymentPostprocessing = 0;
		};
/* End PBXSourcesBuildPhase section */

/* Begin XCBuildConfiguration section */
		FAFCA4CC1CCAABDE0031C2D7 /* Debug */ = {
			isa = XCBuildConfiguration;
			buildSettings = {
				ALWAYS_SEARCH_USER_PATHS = NO;
				CLANG_CXX_LANGUAGE_STANDARD = "gnu++0x";
				CLANG_CXX_LIBRARY = "libc++";
				CLANG_ENABLE_MODULES = YES;
				CLANG_ENABLE_OBJC_ARC = YES;
				CLANG_WARN_BOOL_CONVERSION = YES;
				CLANG_WARN_CONSTANT_CONVERSION = YES;
				CLANG_WARN_DIRECT_OBJC_ISA_USAGE = YES_ERROR;
				CLANG_WARN_EMPTY_BODY = YES;
				CLANG_WARN_ENUM_CONVERSION = YES;
				CLANG_WARN_INT_CONVERSION = YES;
				CLANG_WARN_OBJC_ROOT_CLASS = YES_ERROR;
				CLANG_WARN_UNREACHABLE_CODE = YES;
				CLANG_WARN__DUPLICATE_METHOD_MATCH = YES;
				CODE_SIGN_IDENTITY = "-";
				COPY_PHASE_STRIP = NO;
				DEBUG_INFORMATION_FORMAT = dwarf;
				ENABLE_STRICT_OBJC_MSGSEND = YES;
				ENABLE_TESTABILITY = YES;
				GCC_C_LANGUAGE_STANDARD = gnu99;
				GCC_DYNAMIC_NO_PIC = NO;
				GCC_NO_COMMON_BLOCKS = YES;
				GCC_OPTIMIZATION_LEVEL = 0;
				GCC_PREPROCESSOR_DEFINITIONS = (
					"DEBUG=1",
					"$(inherited)",
				);
				GCC_WARN_64_TO_32_BIT_CONVERSION = YES;
				GCC_WARN_ABOUT_RETURN_TYPE = YES_ERROR;
				GCC_WARN_UNDECLARED_SELECTOR = YES;
				GCC_WARN_UNINITIALIZED_AUTOS = YES_AGGRESSIVE;
				GCC_WARN_UNUSED_FUNCTION = YES;
				GCC_WARN_UNUSED_VARIABLE = YES;
				MACOSX_DEPLOYMENT_TARGET = 10.10;
				MTL_ENABLE_DEBUG_INFO = YES;
				ONLY_ACTIVE_ARCH = YES;
				SDKROOT = macosx;
			};
			name = Debug;
		};
		FAFCA4CD1CCAABDE0031C2D7 /* Release */ = {
			isa = XCBuildConfiguration;
			buildSettings = {
				ALWAYS_SEARCH_USER_PATHS = NO;
				CLANG_CXX_LANGUAGE_STANDARD = "gnu++0x";
				CLANG_CXX_LIBRARY = "libc++";
				CLANG_ENABLE_MODULES = YES;
				CLANG_ENABLE_OBJC_ARC = YES;
				CLANG_WARN_BOOL_CONVERSION = YES;
				CLANG_WARN_CONSTANT_CONVERSION = YES;
				CLANG_WARN_DIRECT_OBJC_ISA_USAGE = YES_ERROR;
				CLANG_WARN_EMPTY_BODY = YES;
				CLANG_WARN_ENUM_CONVERSION = YES;
				CLANG_WARN_INT_CONVERSION = YES;
				CLANG_WARN_OBJC_ROOT_CLASS = YES_ERROR;
				CLANG_WARN_UNREACHABLE_CODE = YES;
				CLANG_WARN__DUPLICATE_METHOD_MATCH = YES;
				CODE_SIGN_IDENTITY = "-";
				COPY_PHASE_STRIP = NO;
				DEBUG_INFORMATION_FORMAT = "dwarf-with-dsym";
				ENABLE_NS_ASSERTIONS = NO;
				ENABLE_STRICT_OBJC_MSGSEND = YES;
				GCC_C_LANGUAGE_STANDARD = gnu99;
				GCC_NO_COMMON_BLOCKS = YES;
				GCC_WARN_64_TO_32_BIT_CONVERSION = YES;
				GCC_WARN_ABOUT_RETURN_TYPE = YES_ERROR;
				GCC_WARN_UNDECLARED_SELECTOR = YES;
				GCC_WARN_UNINITIALIZED_AUTOS = YES_AGGRESSIVE;
				GCC_WARN_UNUSED_FUNCTION = YES;
				GCC_WARN_UNUSED_VARIABLE = YES;
				MACOSX_DEPLOYMENT_TARGET = 10.10;
				MTL_ENABLE_DEBUG_INFO = NO;
				SDKROOT = macosx;
			};
			name = Release;
		};
		FAFCA4CF1CCAABDE0031C2D7 /* Debug */ = {
			isa = XCBuildConfiguration;
			buildSettings = {
				PRODUCT_NAME = "$(TARGET_NAME)";
			};
			name = Debug;
		};
		FAFCA4D01CCAABDE0031C2D7 /* Release */ = {
			isa = XCBuildConfiguration;
			buildSettings = {
				PRODUCT_NAME = "$(TARGET_NAME)";
			};
			name = Release;
		};
/* End XCBuildConfiguration section */

/* Begin XCConfigurationList section */
		FAFCA4C21CCAABDE0031C2D7 /* Build configuration list for PBXProject "LC" */ = {
			isa = XCConfigurationList;
			buildConfigurations = (
				FAFCA4CC1CCAABDE0031C2D7 /* Debug */,
				FAFCA4CD1CCAABDE0031C2D7 /* Release */,
			);
			defaultConfigurationIsVisible = 0;
			defaultConfigurationName = Release;
		};
		FAFCA4CE1CCAABDE0031C2D7 /* Build configuration list for PBXNativeTarget "LC" */ = {
			isa = XCConfigurationList;
			buildConfigurations = (
				FAFCA4CF1CCAABDE0031C2D7 /* Debug */,
				FAFCA4D01CCAABDE0031C2D7 /* Release */,
			);
			defaultConfigurationIsVisible = 0;
			defaultConfigurationName = Release;
		};
/* End XCConfigurationList section */
	};
	rootObject = FAFCA4BF1CCAABDE0031C2D7 /* Project object */;
}
