// !$*UTF8*$!
{
	archiveVersion = 1;
	classes = {
	};
	objectVersion = 46;
	objects = {

/* Begin PBXBuildFile section */
		E200157D1F398884004BBAF2 /* TwoPointers.swift in Sources */ = {isa = PBXBuildFile; fileRef = E200157C1F398884004BBAF2 /* TwoPointers.swift */; };
		E23C92241E7DCC5600A536F3 /* Arrays.swift in Sources */ = {isa = PBXBuildFile; fileRef = E23C92231E7DCC5600A536F3 /* Arrays.swift */; };
		E23C92261E7E105B00A536F3 /* Math.swift in Sources */ = {isa = PBXBuildFile; fileRef = E23C92251E7E105B00A536F3 /* Math.swift */; };
		E28F88771E823BC8003F4C30 /* Strings.swift in Sources */ = {isa = PBXBuildFile; fileRef = E28F88761E823BC8003F4C30 /* Strings.swift */; };
		E28F88791E836CC3003F4C30 /* Hashtables.swift in Sources */ = {isa = PBXBuildFile; fileRef = E28F88781E836CC3003F4C30 /* Hashtables.swift */; };
		E28F887B1E839A43003F4C30 /* DFS.swift in Sources */ = {isa = PBXBuildFile; fileRef = E28F887A1E839A43003F4C30 /* DFS.swift */; };
		E28F887D1E84B6E2003F4C30 /* Parser.swift in Sources */ = {isa = PBXBuildFile; fileRef = E28F887C1E84B6E2003F4C30 /* Parser.swift */; };
		FAF4A0371D83594000E9A52A /* main.swift in Sources */ = {isa = PBXBuildFile; fileRef = FAF4A0361D83594000E9A52A /* main.swift */; };
/* End PBXBuildFile section */

/* Begin PBXCopyFilesBuildPhase section */
		FAF4A0311D83594000E9A52A /* CopyFiles */ = {
			isa = PBXCopyFilesBuildPhase;
			buildActionMask = 2147483647;
			dstPath = /usr/share/man/man1/;
			dstSubfolderSpec = 0;
			files = (
			);
			runOnlyForDeploymentPostprocessing = 1;
		};
/* End PBXCopyFilesBuildPhase section */

/* Begin PBXFileReference section */
		E200157C1F398884004BBAF2 /* TwoPointers.swift */ = {isa = PBXFileReference; fileEncoding = 4; lastKnownFileType = sourcecode.swift; path = TwoPointers.swift; sourceTree = "<group>"; };
		E23C92231E7DCC5600A536F3 /* Arrays.swift */ = {isa = PBXFileReference; fileEncoding = 4; lastKnownFileType = sourcecode.swift; path = Arrays.swift; sourceTree = "<group>"; };
		E23C92251E7E105B00A536F3 /* Math.swift */ = {isa = PBXFileReference; fileEncoding = 4; lastKnownFileType = sourcecode.swift; path = Math.swift; sourceTree = "<group>"; };
		E28F88761E823BC8003F4C30 /* Strings.swift */ = {isa = PBXFileReference; fileEncoding = 4; lastKnownFileType = sourcecode.swift; path = Strings.swift; sourceTree = "<group>"; };
		E28F88781E836CC3003F4C30 /* Hashtables.swift */ = {isa = PBXFileReference; fileEncoding = 4; lastKnownFileType = sourcecode.swift; path = Hashtables.swift; sourceTree = "<group>"; };
		E28F887A1E839A43003F4C30 /* DFS.swift */ = {isa = PBXFileReference; fileEncoding = 4; lastKnownFileType = sourcecode.swift; path = DFS.swift; sourceTree = "<group>"; };
		E28F887C1E84B6E2003F4C30 /* Parser.swift */ = {isa = PBXFileReference; fileEncoding = 4; lastKnownFileType = sourcecode.swift; path = Parser.swift; sourceTree = "<group>"; };
		FAF4A0331D83594000E9A52A /* LeetCode */ = {isa = PBXFileReference; explicitFileType = "compiled.mach-o.executable"; includeInIndex = 0; path = LeetCode; sourceTree = BUILT_PRODUCTS_DIR; };
		FAF4A0361D83594000E9A52A /* main.swift */ = {isa = PBXFileReference; lastKnownFileType = sourcecode.swift; path = main.swift; sourceTree = "<group>"; };
/* End PBXFileReference section */

/* Begin PBXFrameworksBuildPhase section */
		FAF4A0301D83594000E9A52A /* Frameworks */ = {
			isa = PBXFrameworksBuildPhase;
			buildActionMask = 2147483647;
			files = (
			);
			runOnlyForDeploymentPostprocessing = 0;
		};
/* End PBXFrameworksBuildPhase section */

/* Begin PBXGroup section */
		FAF4A02A1D83594000E9A52A = {
			isa = PBXGroup;
			children = (
				FAF4A0351D83594000E9A52A /* LeetCode */,
				FAF4A0341D83594000E9A52A /* Products */,
			);
			sourceTree = "<group>";
		};
		FAF4A0341D83594000E9A52A /* Products */ = {
			isa = PBXGroup;
			children = (
				FAF4A0331D83594000E9A52A /* LeetCode */,
			);
			name = Products;
			sourceTree = "<group>";
		};
		FAF4A0351D83594000E9A52A /* LeetCode */ = {
			isa = PBXGroup;
			children = (
				FAF4A0361D83594000E9A52A /* main.swift */,
				E23C92231E7DCC5600A536F3 /* Arrays.swift */,
				E23C92251E7E105B00A536F3 /* Math.swift */,
				E28F88761E823BC8003F4C30 /* Strings.swift */,
				E28F88781E836CC3003F4C30 /* Hashtables.swift */,
				E28F887A1E839A43003F4C30 /* DFS.swift */,
				E28F887C1E84B6E2003F4C30 /* Parser.swift */,
				E200157C1F398884004BBAF2 /* TwoPointers.swift */,
			);
			path = LeetCode;
			sourceTree = "<group>";
		};
/* End PBXGroup section */

/* Begin PBXNativeTarget section */
		FAF4A0321D83594000E9A52A /* LeetCode */ = {
			isa = PBXNativeTarget;
			buildConfigurationList = FAF4A03A1D83594000E9A52A /* Build configuration list for PBXNativeTarget "LeetCode" */;
			buildPhases = (
				FAF4A02F1D83594000E9A52A /* Sources */,
				FAF4A0301D83594000E9A52A /* Frameworks */,
				FAF4A0311D83594000E9A52A /* CopyFiles */,
			);
			buildRules = (
			);
			dependencies = (
			);
			name = LeetCode;
			productName = LeetCode;
			productReference = FAF4A0331D83594000E9A52A /* LeetCode */;
			productType = "com.apple.product-type.tool";
		};
/* End PBXNativeTarget section */

/* Begin PBXProject section */
		FAF4A02B1D83594000E9A52A /* Project object */ = {
			isa = PBXProject;
			attributes = {
				LastSwiftUpdateCheck = 0720;
				LastUpgradeCheck = 0720;
				ORGANIZATIONNAME = "Akshay Bhandary";
				TargetAttributes = {
					FAF4A0321D83594000E9A52A = {
						CreatedOnToolsVersion = 7.2;
						LastSwiftMigration = 0800;
					};
				};
			};
			buildConfigurationList = FAF4A02E1D83594000E9A52A /* Build configuration list for PBXProject "LeetCode" */;
			compatibilityVersion = "Xcode 3.2";
			developmentRegion = English;
			hasScannedForEncodings = 0;
			knownRegions = (
				en,
			);
			mainGroup = FAF4A02A1D83594000E9A52A;
			productRefGroup = FAF4A0341D83594000E9A52A /* Products */;
			projectDirPath = "";
			projectRoot = "";
			targets = (
				FAF4A0321D83594000E9A52A /* LeetCode */,
			);
		};
/* End PBXProject section */

/* Begin PBXSourcesBuildPhase section */
		FAF4A02F1D83594000E9A52A /* Sources */ = {
			isa = PBXSourcesBuildPhase;
			buildActionMask = 2147483647;
			files = (
				FAF4A0371D83594000E9A52A /* main.swift in Sources */,
				E23C92241E7DCC5600A536F3 /* Arrays.swift in Sources */,
				E200157D1F398884004BBAF2 /* TwoPointers.swift in Sources */,
				E28F88771E823BC8003F4C30 /* Strings.swift in Sources */,
				E28F887B1E839A43003F4C30 /* DFS.swift in Sources */,
				E28F88791E836CC3003F4C30 /* Hashtables.swift in Sources */,
				E23C92261E7E105B00A536F3 /* Math.swift in Sources */,
				E28F887D1E84B6E2003F4C30 /* Parser.swift in Sources */,
			);
			runOnlyForDeploymentPostprocessing = 0;
		};
/* End PBXSourcesBuildPhase section */

/* Begin XCBuildConfiguration section */
		FAF4A0381D83594000E9A52A /* Debug */ = {
			isa = XCBuildConfiguration;
			buildSettings = {
				ALWAYS_SEARCH_USER_PATHS = NO;
				CLANG_CXX_LANGUAGE_STANDARD = "gnu++0x";
				CLANG_CXX_LIBRARY = "libc++";
				CLANG_ENABLE_MODULES = YES;
				CLANG_ENABLE_OBJC_ARC = YES;
				CLANG_WARN_BOOL_CONVERSION = YES;
				CLANG_WARN_CONSTANT_CONVERSION = YES;
				CLANG_WARN_DIRECT_OBJC_ISA_USAGE = YES_ERROR;
				CLANG_WARN_EMPTY_BODY = YES;
				CLANG_WARN_ENUM_CONVERSION = YES;
				CLANG_WARN_INT_CONVERSION = YES;
				CLANG_WARN_OBJC_ROOT_CLASS = YES_ERROR;
				CLANG_WARN_UNREACHABLE_CODE = YES;
				CLANG_WARN__DUPLICATE_METHOD_MATCH = YES;
				CODE_SIGN_IDENTITY = "-";
				COPY_PHASE_STRIP = NO;
				DEBUG_INFORMATION_FORMAT = dwarf;
				ENABLE_STRICT_OBJC_MSGSEND = YES;
				ENABLE_TESTABILITY = YES;
				GCC_C_LANGUAGE_STANDARD = gnu99;
				GCC_DYNAMIC_NO_PIC = NO;
				GCC_NO_COMMON_BLOCKS = YES;
				GCC_OPTIMIZATION_LEVEL = 0;
				GCC_PREPROCESSOR_DEFINITIONS = (
					"DEBUG=1",
					"$(inherited)",
				);
				GCC_WARN_64_TO_32_BIT_CONVERSION = YES;
				GCC_WARN_ABOUT_RETURN_TYPE = YES_ERROR;
				GCC_WARN_UNDECLARED_SELECTOR = YES;
				GCC_WARN_UNINITIALIZED_AUTOS = YES_AGGRESSIVE;
				GCC_WARN_UNUSED_FUNCTION = YES;
				GCC_WARN_UNUSED_VARIABLE = YES;
				MACOSX_DEPLOYMENT_TARGET = 10.11;
				MTL_ENABLE_DEBUG_INFO = YES;
				ONLY_ACTIVE_ARCH = YES;
				SDKROOT = macosx;
				SWIFT_OPTIMIZATION_LEVEL = "-Onone";
			};
			name = Debug;
		};
		FAF4A0391D83594000E9A52A /* Release */ = {
			isa = XCBuildConfiguration;
			buildSettings = {
				ALWAYS_SEARCH_USER_PATHS = NO;
				CLANG_CXX_LANGUAGE_STANDARD = "gnu++0x";
				CLANG_CXX_LIBRARY = "libc++";
				CLANG_ENABLE_MODULES = YES;
				CLANG_ENABLE_OBJC_ARC = YES;
				CLANG_WARN_BOOL_CONVERSION = YES;
				CLANG_WARN_CONSTANT_CONVERSION = YES;
				CLANG_WARN_DIRECT_OBJC_ISA_USAGE = YES_ERROR;
				CLANG_WARN_EMPTY_BODY = YES;
				CLANG_WARN_ENUM_CONVERSION = YES;
				CLANG_WARN_INT_CONVERSION = YES;
				CLANG_WARN_OBJC_ROOT_CLASS = YES_ERROR;
				CLANG_WARN_UNREACHABLE_CODE = YES;
				CLANG_WARN__DUPLICATE_METHOD_MATCH = YES;
				CODE_SIGN_IDENTITY = "-";
				COPY_PHASE_STRIP = NO;
				DEBUG_INFORMATION_FORMAT = "dwarf-with-dsym";
				ENABLE_NS_ASSERTIONS = NO;
				ENABLE_STRICT_OBJC_MSGSEND = YES;
				GCC_C_LANGUAGE_STANDARD = gnu99;
				GCC_NO_COMMON_BLOCKS = YES;
				GCC_WARN_64_TO_32_BIT_CONVERSION = YES;
				GCC_WARN_ABOUT_RETURN_TYPE = YES_ERROR;
				GCC_WARN_UNDECLARED_SELECTOR = YES;
				GCC_WARN_UNINITIALIZED_AUTOS = YES_AGGRESSIVE;
				GCC_WARN_UNUSED_FUNCTION = YES;
				GCC_WARN_UNUSED_VARIABLE = YES;
				MACOSX_DEPLOYMENT_TARGET = 10.11;
				MTL_ENABLE_DEBUG_INFO = NO;
				SDKROOT = macosx;
			};
			name = Release;
		};
		FAF4A03B1D83594000E9A52A /* Debug */ = {
			isa = XCBuildConfiguration;
			buildSettings = {
				PRODUCT_NAME = "$(TARGET_NAME)";
				SWIFT_VERSION = 3.0;
			};
			name = Debug;
		};
		FAF4A03C1D83594000E9A52A /* Release */ = {
			isa = XCBuildConfiguration;
			buildSettings = {
				PRODUCT_NAME = "$(TARGET_NAME)";
				SWIFT_VERSION = 3.0;
			};
			name = Release;
		};
/* End XCBuildConfiguration section */

/* Begin XCConfigurationList section */
		FAF4A02E1D83594000E9A52A /* Build configuration list for PBXProject "LeetCode" */ = {
			isa = XCConfigurationList;
			buildConfigurations = (
				FAF4A0381D83594000E9A52A /* Debug */,
				FAF4A0391D83594000E9A52A /* Release */,
			);
			defaultConfigurationIsVisible = 0;
			defaultConfigurationName = Release;
		};
		FAF4A03A1D83594000E9A52A /* Build configuration list for PBXNativeTarget "LeetCode" */ = {
			isa = XCConfigurationList;
			buildConfigurations = (
				FAF4A03B1D83594000E9A52A /* Debug */,
				FAF4A03C1D83594000E9A52A /* Release */,
			);
			defaultConfigurationIsVisible = 0;
			defaultConfigurationName = Release;
		};
/* End XCConfigurationList section */
	};
	rootObject = FAF4A02B1D83594000E9A52A /* Project object */;
}
