// !$*UTF8*$!
{
	archiveVersion = 1;
	classes = {
	};
	objectVersion = 46;
	objects = {

/* Begin PBXBuildFile section */
		FA41AD871D317D9900534511 /* Array.m in Sources */ = {isa = PBXBuildFile; fileRef = FA41AD861D317D9900534511 /* Array.m */; };
		FA41AD881D317ED000534511 /* HashTable.m in Sources */ = {isa = PBXBuildFile; fileRef = FA41AD841D316B3000534511 /* HashTable.m */; };
		FA41AD8C1D31ADCE00534511 /* Strings.m in Sources */ = {isa = PBXBuildFile; fileRef = FA41AD8B1D31ADCE00534511 /* Strings.m */; };
		FA41AD8E1D31C4C000534511 /* BinarySearch.m in Sources */ = {isa = PBXBuildFile; fileRef = FA41AD8D1D31C4C000534511 /* BinarySearch.m */; };
		FAA33A061D10657D00E891C3 /* main.m in Sources */ = {isa = PBXBuildFile; fileRef = FAA33A051D10657D00E891C3 /* main.m */; };
/* End PBXBuildFile section */

/* Begin PBXCopyFilesBuildPhase section */
		FAA33A001D10657D00E891C3 /* CopyFiles */ = {
			isa = PBXCopyFilesBuildPhase;
			buildActionMask = 2147483647;
			dstPath = /usr/share/man/man1/;
			dstSubfolderSpec = 0;
			files = (
			);
			runOnlyForDeploymentPostprocessing = 1;
		};
/* End PBXCopyFilesBuildPhase section */

/* Begin PBXFileReference section */
		FA41AD841D316B3000534511 /* HashTable.m */ = {isa = PBXFileReference; fileEncoding = 4; lastKnownFileType = sourcecode.c.objc; path = HashTable.m; sourceTree = "<group>"; };
		FA41AD861D317D9900534511 /* Array.m */ = {isa = PBXFileReference; fileEncoding = 4; lastKnownFileType = sourcecode.c.objc; path = Array.m; sourceTree = "<group>"; };
		FA41AD8B1D31ADCE00534511 /* Strings.m */ = {isa = PBXFileReference; fileEncoding = 4; lastKnownFileType = sourcecode.c.objc; path = Strings.m; sourceTree = "<group>"; };
		FA41AD8D1D31C4C000534511 /* BinarySearch.m */ = {isa = PBXFileReference; fileEncoding = 4; lastKnownFileType = sourcecode.c.objc; path = BinarySearch.m; sourceTree = "<group>"; };
		FAA33A021D10657D00E891C3 /* LC */ = {isa = PBXFileReference; explicitFileType = "compiled.mach-o.executable"; includeInIndex = 0; path = LC; sourceTree = BUILT_PRODUCTS_DIR; };
		FAA33A051D10657D00E891C3 /* main.m */ = {isa = PBXFileReference; lastKnownFileType = sourcecode.c.objc; path = main.m; sourceTree = "<group>"; };
/* End PBXFileReference section */

/* Begin PBXFrameworksBuildPhase section */
		FAA339FF1D10657D00E891C3 /* Frameworks */ = {
			isa = PBXFrameworksBuildPhase;
			buildActionMask = 2147483647;
			files = (
			);
			runOnlyForDeploymentPostprocessing = 0;
		};
/* End PBXFrameworksBuildPhase section */

/* Begin PBXGroup section */
		FAA339F91D10657D00E891C3 = {
			isa = PBXGroup;
			children = (
				FAA33A041D10657D00E891C3 /* LC */,
				FAA33A031D10657D00E891C3 /* Products */,
			);
			sourceTree = "<group>";
		};
		FAA33A031D10657D00E891C3 /* Products */ = {
			isa = PBXGroup;
			children = (
				FAA33A021D10657D00E891C3 /* LC */,
			);
			name = Products;
			sourceTree = "<group>";
		};
		FAA33A041D10657D00E891C3 /* LC */ = {
			isa = PBXGroup;
			children = (
				FAA33A051D10657D00E891C3 /* main.m */,
				FA41AD841D316B3000534511 /* HashTable.m */,
				FA41AD861D317D9900534511 /* Array.m */,
				FA41AD8B1D31ADCE00534511 /* Strings.m */,
				FA41AD8D1D31C4C000534511 /* BinarySearch.m */,
			);
			path = LC;
			sourceTree = "<group>";
		};
/* End PBXGroup section */

/* Begin PBXNativeTarget section */
		FAA33A011D10657D00E891C3 /* LC */ = {
			isa = PBXNativeTarget;
			buildConfigurationList = FAA33A091D10657D00E891C3 /* Build configuration list for PBXNativeTarget "LC" */;
			buildPhases = (
				FAA339FE1D10657D00E891C3 /* Sources */,
				FAA339FF1D10657D00E891C3 /* Frameworks */,
				FAA33A001D10657D00E891C3 /* CopyFiles */,
			);
			buildRules = (
			);
			dependencies = (
			);
			name = LC;
			productName = LC;
			productReference = FAA33A021D10657D00E891C3 /* LC */;
			productType = "com.apple.product-type.tool";
		};
/* End PBXNativeTarget section */

/* Begin PBXProject section */
		FAA339FA1D10657D00E891C3 /* Project object */ = {
			isa = PBXProject;
			attributes = {
				LastUpgradeCheck = 0720;
				ORGANIZATIONNAME = "Akshay Bhandary";
				TargetAttributes = {
					FAA33A011D10657D00E891C3 = {
						CreatedOnToolsVersion = 7.2;
					};
				};
			};
			buildConfigurationList = FAA339FD1D10657D00E891C3 /* Build configuration list for PBXProject "LC" */;
			compatibilityVersion = "Xcode 3.2";
			developmentRegion = English;
			hasScannedForEncodings = 0;
			knownRegions = (
				en,
			);
			mainGroup = FAA339F91D10657D00E891C3;
			productRefGroup = FAA33A031D10657D00E891C3 /* Products */;
			projectDirPath = "";
			projectRoot = "";
			targets = (
				FAA33A011D10657D00E891C3 /* LC */,
			);
		};
/* End PBXProject section */

/* Begin PBXSourcesBuildPhase section */
		FAA339FE1D10657D00E891C3 /* Sources */ = {
			isa = PBXSourcesBuildPhase;
			buildActionMask = 2147483647;
			files = (
				FA41AD8E1D31C4C000534511 /* BinarySearch.m in Sources */,
				FA41AD881D317ED000534511 /* HashTable.m in Sources */,
				FA41AD871D317D9900534511 /* Array.m in Sources */,
				FA41AD8C1D31ADCE00534511 /* Strings.m in Sources */,
				FAA33A061D10657D00E891C3 /* main.m in Sources */,
			);
			runOnlyForDeploymentPostprocessing = 0;
		};
/* End PBXSourcesBuildPhase section */

/* Begin XCBuildConfiguration section */
		FAA33A071D10657D00E891C3 /* Debug */ = {
			isa = XCBuildConfiguration;
			buildSettings = {
				ALWAYS_SEARCH_USER_PATHS = NO;
				CLANG_CXX_LANGUAGE_STANDARD = "gnu++0x";
				CLANG_CXX_LIBRARY = "libc++";
				CLANG_ENABLE_MODULES = YES;
				CLANG_ENABLE_OBJC_ARC = YES;
				CLANG_WARN_BOOL_CONVERSION = YES;
				CLANG_WARN_CONSTANT_CONVERSION = YES;
				CLANG_WARN_DIRECT_OBJC_ISA_USAGE = YES_ERROR;
				CLANG_WARN_EMPTY_BODY = YES;
				CLANG_WARN_ENUM_CONVERSION = YES;
				CLANG_WARN_INT_CONVERSION = YES;
				CLANG_WARN_OBJC_ROOT_CLASS = YES_ERROR;
				CLANG_WARN_UNREACHABLE_CODE = YES;
				CLANG_WARN__DUPLICATE_METHOD_MATCH = YES;
				CODE_SIGN_IDENTITY = "-";
				COPY_PHASE_STRIP = NO;
				DEBUG_INFORMATION_FORMAT = dwarf;
				ENABLE_STRICT_OBJC_MSGSEND = YES;
				ENABLE_TESTABILITY = YES;
				GCC_C_LANGUAGE_STANDARD = gnu99;
				GCC_DYNAMIC_NO_PIC = NO;
				GCC_NO_COMMON_BLOCKS = YES;
				GCC_OPTIMIZATION_LEVEL = 0;
				GCC_PREPROCESSOR_DEFINITIONS = (
					"DEBUG=1",
					"$(inherited)",
				);
				GCC_WARN_64_TO_32_BIT_CONVERSION = YES;
				GCC_WARN_ABOUT_RETURN_TYPE = YES_ERROR;
				GCC_WARN_UNDECLARED_SELECTOR = YES;
				GCC_WARN_UNINITIALIZED_AUTOS = YES_AGGRESSIVE;
				GCC_WARN_UNUSED_FUNCTION = YES;
				GCC_WARN_UNUSED_VARIABLE = YES;
				MACOSX_DEPLOYMENT_TARGET = 10.10;
				MTL_ENABLE_DEBUG_INFO = YES;
				ONLY_ACTIVE_ARCH = YES;
				SDKROOT = macosx;
			};
			name = Debug;
		};
		FAA33A081D10657D00E891C3 /* Release */ = {
			isa = XCBuildConfiguration;
			buildSettings = {
				ALWAYS_SEARCH_USER_PATHS = NO;
				CLANG_CXX_LANGUAGE_STANDARD = "gnu++0x";
				CLANG_CXX_LIBRARY = "libc++";
				CLANG_ENABLE_MODULES = YES;
				CLANG_ENABLE_OBJC_ARC = YES;
				CLANG_WARN_BOOL_CONVERSION = YES;
				CLANG_WARN_CONSTANT_CONVERSION = YES;
				CLANG_WARN_DIRECT_OBJC_ISA_USAGE = YES_ERROR;
				CLANG_WARN_EMPTY_BODY = YES;
				CLANG_WARN_ENUM_CONVERSION = YES;
				CLANG_WARN_INT_CONVERSION = YES;
				CLANG_WARN_OBJC_ROOT_CLASS = YES_ERROR;
				CLANG_WARN_UNREACHABLE_CODE = YES;
				CLANG_WARN__DUPLICATE_METHOD_MATCH = YES;
				CODE_SIGN_IDENTITY = "-";
				COPY_PHASE_STRIP = NO;
				DEBUG_INFORMATION_FORMAT = "dwarf-with-dsym";
				ENABLE_NS_ASSERTIONS = NO;
				ENABLE_STRICT_OBJC_MSGSEND = YES;
				GCC_C_LANGUAGE_STANDARD = gnu99;
				GCC_NO_COMMON_BLOCKS = YES;
				GCC_WARN_64_TO_32_BIT_CONVERSION = YES;
				GCC_WARN_ABOUT_RETURN_TYPE = YES_ERROR;
				GCC_WARN_UNDECLARED_SELECTOR = YES;
				GCC_WARN_UNINITIALIZED_AUTOS = YES_AGGRESSIVE;
				GCC_WARN_UNUSED_FUNCTION = YES;
				GCC_WARN_UNUSED_VARIABLE = YES;
				MACOSX_DEPLOYMENT_TARGET = 10.10;
				MTL_ENABLE_DEBUG_INFO = NO;
				SDKROOT = macosx;
			};
			name = Release;
		};
		FAA33A0A1D10657D00E891C3 /* Debug */ = {
			isa = XCBuildConfiguration;
			buildSettings = {
				PRODUCT_NAME = "$(TARGET_NAME)";
			};
			name = Debug;
		};
		FAA33A0B1D10657D00E891C3 /* Release */ = {
			isa = XCBuildConfiguration;
			buildSettings = {
				PRODUCT_NAME = "$(TARGET_NAME)";
			};
			name = Release;
		};
/* End XCBuildConfiguration section */

/* Begin XCConfigurationList section */
		FAA339FD1D10657D00E891C3 /* Build configuration list for PBXProject "LC" */ = {
			isa = XCConfigurationList;
			buildConfigurations = (
				FAA33A071D10657D00E891C3 /* Debug */,
				FAA33A081D10657D00E891C3 /* Release */,
			);
			defaultConfigurationIsVisible = 0;
			defaultConfigurationName = Release;
		};
		FAA33A091D10657D00E891C3 /* Build configuration list for PBXNativeTarget "LC" */ = {
			isa = XCConfigurationList;
			buildConfigurations = (
				FAA33A0A1D10657D00E891C3 /* Debug */,
				FAA33A0B1D10657D00E891C3 /* Release */,
			);
			defaultConfigurationIsVisible = 0;
			defaultConfigurationName = Release;
		};
/* End XCConfigurationList section */
	};
	rootObject = FAA339FA1D10657D00E891C3 /* Project object */;
}
