// !$*UTF8*$!
{
	archiveVersion = 1;
	classes = {
	};
	objectVersion = 46;
	objects = {

/* Begin PBXBuildFile section */
		FAF4A04A1D83BA0300E9A52A /* main.swift in Sources */ = {isa = PBXBuildFile; fileRef = FAF4A0491D83BA0300E9A52A /* main.swift */; };
		FAF4A0511D83E33D00E9A52A /* 6_Arrays.swift in Sources */ = {isa = PBXBuildFile; fileRef = FAF4A0501D83E33D00E9A52A /* 6_Arrays.swift */; };
/* End PBXBuildFile section */

/* Begin PBXCopyFilesBuildPhase section */
		FAF4A0441D83BA0300E9A52A /* CopyFiles */ = {
			isa = PBXCopyFilesBuildPhase;
			buildActionMask = 2147483647;
			dstPath = /usr/share/man/man1/;
			dstSubfolderSpec = 0;
			files = (
			);
			runOnlyForDeploymentPostprocessing = 1;
		};
/* End PBXCopyFilesBuildPhase section */

/* Begin PBXFileReference section */
		FAF4A0461D83BA0300E9A52A /* EPI */ = {isa = PBXFileReference; explicitFileType = "compiled.mach-o.executable"; includeInIndex = 0; path = EPI; sourceTree = BUILT_PRODUCTS_DIR; };
		FAF4A0491D83BA0300E9A52A /* main.swift */ = {isa = PBXFileReference; lastKnownFileType = sourcecode.swift; path = main.swift; sourceTree = "<group>"; };
		FAF4A0501D83E33D00E9A52A /* 6_Arrays.swift */ = {isa = PBXFileReference; fileEncoding = 4; lastKnownFileType = sourcecode.swift; path = 6_Arrays.swift; sourceTree = "<group>"; };
/* End PBXFileReference section */

/* Begin PBXFrameworksBuildPhase section */
		FAF4A0431D83BA0300E9A52A /* Frameworks */ = {
			isa = PBXFrameworksBuildPhase;
			buildActionMask = 2147483647;
			files = (
			);
			runOnlyForDeploymentPostprocessing = 0;
		};
/* End PBXFrameworksBuildPhase section */

/* Begin PBXGroup section */
		FAF4A03D1D83BA0300E9A52A = {
			isa = PBXGroup;
			children = (
				FAF4A0481D83BA0300E9A52A /* EPI */,
				FAF4A0471D83BA0300E9A52A /* Products */,
			);
			sourceTree = "<group>";
		};
		FAF4A0471D83BA0300E9A52A /* Products */ = {
			isa = PBXGroup;
			children = (
				FAF4A0461D83BA0300E9A52A /* EPI */,
			);
			name = Products;
			sourceTree = "<group>";
		};
		FAF4A0481D83BA0300E9A52A /* EPI */ = {
			isa = PBXGroup;
			children = (
				FAF4A0491D83BA0300E9A52A /* main.swift */,
				FAF4A0501D83E33D00E9A52A /* 6_Arrays.swift */,
			);
			path = EPI;
			sourceTree = "<group>";
		};
/* End PBXGroup section */

/* Begin PBXNativeTarget section */
		FAF4A0451D83BA0300E9A52A /* EPI */ = {
			isa = PBXNativeTarget;
			buildConfigurationList = FAF4A04D1D83BA0300E9A52A /* Build configuration list for PBXNativeTarget "EPI" */;
			buildPhases = (
				FAF4A0421D83BA0300E9A52A /* Sources */,
				FAF4A0431D83BA0300E9A52A /* Frameworks */,
				FAF4A0441D83BA0300E9A52A /* CopyFiles */,
			);
			buildRules = (
			);
			dependencies = (
			);
			name = EPI;
			productName = EPI;
			productReference = FAF4A0461D83BA0300E9A52A /* EPI */;
			productType = "com.apple.product-type.tool";
		};
/* End PBXNativeTarget section */

/* Begin PBXProject section */
		FAF4A03E1D83BA0300E9A52A /* Project object */ = {
			isa = PBXProject;
			attributes = {
				LastSwiftUpdateCheck = 0720;
				LastUpgradeCheck = 0720;
				ORGANIZATIONNAME = "Akshay Bhandary";
				TargetAttributes = {
					FAF4A0451D83BA0300E9A52A = {
						CreatedOnToolsVersion = 7.2;
					};
				};
			};
			buildConfigurationList = FAF4A0411D83BA0300E9A52A /* Build configuration list for PBXProject "EPI" */;
			compatibilityVersion = "Xcode 3.2";
			developmentRegion = English;
			hasScannedForEncodings = 0;
			knownRegions = (
				en,
			);
			mainGroup = FAF4A03D1D83BA0300E9A52A;
			productRefGroup = FAF4A0471D83BA0300E9A52A /* Products */;
			projectDirPath = "";
			projectRoot = "";
			targets = (
				FAF4A0451D83BA0300E9A52A /* EPI */,
			);
		};
/* End PBXProject section */

/* Begin PBXSourcesBuildPhase section */
		FAF4A0421D83BA0300E9A52A /* Sources */ = {
			isa = PBXSourcesBuildPhase;
			buildActionMask = 2147483647;
			files = (
				FAF4A0511D83E33D00E9A52A /* 6_Arrays.swift in Sources */,
				FAF4A04A1D83BA0300E9A52A /* main.swift in Sources */,
			);
			runOnlyForDeploymentPostprocessing = 0;
		};
/* End PBXSourcesBuildPhase section */

/* Begin XCBuildConfiguration section */
		FAF4A04B1D83BA0300E9A52A /* Debug */ = {
			isa = XCBuildConfiguration;
			buildSettings = {
				ALWAYS_SEARCH_USER_PATHS = NO;
				CLANG_CXX_LANGUAGE_STANDARD = "gnu++0x";
				CLANG_CXX_LIBRARY = "libc++";
				CLANG_ENABLE_MODULES = YES;
				CLANG_ENABLE_OBJC_ARC = YES;
				CLANG_WARN_BOOL_CONVERSION = YES;
				CLANG_WARN_CONSTANT_CONVERSION = YES;
				CLANG_WARN_DIRECT_OBJC_ISA_USAGE = YES_ERROR;
				CLANG_WARN_EMPTY_BODY = YES;
				CLANG_WARN_ENUM_CONVERSION = YES;
				CLANG_WARN_INT_CONVERSION = YES;
				CLANG_WARN_OBJC_ROOT_CLASS = YES_ERROR;
				CLANG_WARN_UNREACHABLE_CODE = YES;
				CLANG_WARN__DUPLICATE_METHOD_MATCH = YES;
				CODE_SIGN_IDENTITY = "-";
				COPY_PHASE_STRIP = NO;
				DEBUG_INFORMATION_FORMAT = dwarf;
				ENABLE_STRICT_OBJC_MSGSEND = YES;
				ENABLE_TESTABILITY = YES;
				GCC_C_LANGUAGE_STANDARD = gnu99;
				GCC_DYNAMIC_NO_PIC = NO;
				GCC_NO_COMMON_BLOCKS = YES;
				GCC_OPTIMIZATION_LEVEL = 0;
				GCC_PREPROCESSOR_DEFINITIONS = (
					"DEBUG=1",
					"$(inherited)",
				);
				GCC_WARN_64_TO_32_BIT_CONVERSION = YES;
				GCC_WARN_ABOUT_RETURN_TYPE = YES_ERROR;
				GCC_WARN_UNDECLARED_SELECTOR = YES;
				GCC_WARN_UNINITIALIZED_AUTOS = YES_AGGRESSIVE;
				GCC_WARN_UNUSED_FUNCTION = YES;
				GCC_WARN_UNUSED_VARIABLE = YES;
				MACOSX_DEPLOYMENT_TARGET = 10.11;
				MTL_ENABLE_DEBUG_INFO = YES;
				ONLY_ACTIVE_ARCH = YES;
				SDKROOT = macosx;
				SWIFT_OPTIMIZATION_LEVEL = "-Onone";
			};
			name = Debug;
		};
		FAF4A04C1D83BA0300E9A52A /* Release */ = {
			isa = XCBuildConfiguration;
			buildSettings = {
				ALWAYS_SEARCH_USER_PATHS = NO;
				CLANG_CXX_LANGUAGE_STANDARD = "gnu++0x";
				CLANG_CXX_LIBRARY = "libc++";
				CLANG_ENABLE_MODULES = YES;
				CLANG_ENABLE_OBJC_ARC = YES;
				CLANG_WARN_BOOL_CONVERSION = YES;
				CLANG_WARN_CONSTANT_CONVERSION = YES;
				CLANG_WARN_DIRECT_OBJC_ISA_USAGE = YES_ERROR;
				CLANG_WARN_EMPTY_BODY = YES;
				CLANG_WARN_ENUM_CONVERSION = YES;
				CLANG_WARN_INT_CONVERSION = YES;
				CLANG_WARN_OBJC_ROOT_CLASS = YES_ERROR;
				CLANG_WARN_UNREACHABLE_CODE = YES;
				CLANG_WARN__DUPLICATE_METHOD_MATCH = YES;
				CODE_SIGN_IDENTITY = "-";
				COPY_PHASE_STRIP = NO;
				DEBUG_INFORMATION_FORMAT = "dwarf-with-dsym";
				ENABLE_NS_ASSERTIONS = NO;
				ENABLE_STRICT_OBJC_MSGSEND = YES;
				GCC_C_LANGUAGE_STANDARD = gnu99;
				GCC_NO_COMMON_BLOCKS = YES;
				GCC_WARN_64_TO_32_BIT_CONVERSION = YES;
				GCC_WARN_ABOUT_RETURN_TYPE = YES_ERROR;
				GCC_WARN_UNDECLARED_SELECTOR = YES;
				GCC_WARN_UNINITIALIZED_AUTOS = YES_AGGRESSIVE;
				GCC_WARN_UNUSED_FUNCTION = YES;
				GCC_WARN_UNUSED_VARIABLE = YES;
				MACOSX_DEPLOYMENT_TARGET = 10.11;
				MTL_ENABLE_DEBUG_INFO = NO;
				SDKROOT = macosx;
			};
			name = Release;
		};
		FAF4A04E1D83BA0300E9A52A /* Debug */ = {
			isa = XCBuildConfiguration;
			buildSettings = {
				PRODUCT_NAME = "$(TARGET_NAME)";
			};
			name = Debug;
		};
		FAF4A04F1D83BA0300E9A52A /* Release */ = {
			isa = XCBuildConfiguration;
			buildSettings = {
				PRODUCT_NAME = "$(TARGET_NAME)";
			};
			name = Release;
		};
/* End XCBuildConfiguration section */

/* Begin XCConfigurationList section */
		FAF4A0411D83BA0300E9A52A /* Build configuration list for PBXProject "EPI" */ = {
			isa = XCConfigurationList;
			buildConfigurations = (
				FAF4A04B1D83BA0300E9A52A /* Debug */,
				FAF4A04C1D83BA0300E9A52A /* Release */,
			);
			defaultConfigurationIsVisible = 0;
			defaultConfigurationName = Release;
		};
		FAF4A04D1D83BA0300E9A52A /* Build configuration list for PBXNativeTarget "EPI" */ = {
			isa = XCConfigurationList;
			buildConfigurations = (
				FAF4A04E1D83BA0300E9A52A /* Debug */,
				FAF4A04F1D83BA0300E9A52A /* Release */,
			);
			defaultConfigurationIsVisible = 0;
		};
/* End XCConfigurationList section */
	};
	rootObject = FAF4A03E1D83BA0300E9A52A /* Project object */;
}
